
Microsoft Visual Studio Solution File, Format Version 12.00
# Visual Studio Version 16
VisualStudioVersion = 16.0.30717.126
MinimumVisualStudioVersion = 10.0.40219.1
Project("{2150E333-8FDC-42A3-9474-1A3956D46DE8}") = "1 - Services", "1 - Services", "{9CA50043-6D53-4E39-9827-9E39147E79D8}"
EndProject
Project("{2150E333-8FDC-42A3-9474-1A3956D46DE8}") = "2 - Application", "2 - Application", "{074E5986-6264-4232-82E6-DE81E21DD8C8}"
EndProject
Project("{2150E333-8FDC-42A3-9474-1A3956D46DE8}") = "4 - Infra", "4 - Infra", "{F56A7F97-DE8C-4EBD-955E-3E093E3E1243}"
EndProject
Project("{2150E333-8FDC-42A3-9474-1A3956D46DE8}") = "6- Test", "6- Test", "{9BED6BA9-CA02-4350-BB13-8996938A08E2}"
EndProject
Project("{9A19103F-16F7-4668-BE54-9A1E7A4F7556}") = "Poc.Api", "Poc.Api\Poc.Api.csproj", "{D896959D-8D8F-4944-9FE6-7AC1A0B13BF5}"
EndProject
Project("{9A19103F-16F7-4668-BE54-9A1E7A4F7556}") = "Poc.Application", "Poc.Application\Poc.Application.csproj", "{1D3BE607-613F-4FDB-8DD6-C91D0A8FB475}"
EndProject
Project("{2150E333-8FDC-42A3-9474-1A3956D46DE8}") = "3 - Domain", "3 - Domain", "{52EE9E1F-393E-4B2E-A46B-F0BFBEC306C2}"
EndProject
Project("{9A19103F-16F7-4668-BE54-9A1E7A4F7556}") = "Poc.Domain", "Poc.Domain\Poc.Domain.csproj", "{302CDF7D-4CB9-4497-B158-501045109328}"
EndProject
Project("{9A19103F-16F7-4668-BE54-9A1E7A4F7556}") = "Poc.Test", "Poc.Test\Poc.Test.csproj", "{8DDCEB72-6697-4237-B497-4B9997A9AD6E}"
EndProject
Project("{2150E333-8FDC-42A3-9474-1A3956D46DE8}") = "4.1 - CrossCutting", "4.1 - CrossCutting", "{DD01E961-9917-4112-8BF4-E73C929ECC96}"
EndProject
Project("{9A19103F-16F7-4668-BE54-9A1E7A4F7556}") = "Infra.CrossCutting", "Infra.CrossCutting\Infra.CrossCutting.csproj", "{61D919A2-EADA-446B-B927-A878FF332A8B}"
EndProject
Project("{9A19103F-16F7-4668-BE54-9A1E7A4F7556}") = "Infra.CrossCutting.IoC", "Infra.CrossCutting.IoC\Infra.CrossCutting.IoC.csproj", "{0D5F8335-7B57-4632-BE91-267BD8188514}"
EndProject
Project("{2150E333-8FDC-42A3-9474-1A3956D46DE8}") = "4.2 - Data", "4.2 - Data", "{312087D1-4EB1-49CF-98BD-52312CC84343}"
EndProject
Project("{9A19103F-16F7-4668-BE54-9A1E7A4F7556}") = "Infra.Data", "Infra.Data\Infra.Data.csproj", "{564467C3-FD4F-4E09-B3C3-34EEC941D612}"
EndProject
Project("{2150E333-8FDC-42A3-9474-1A3956D46DE8}") = "5 - ExternalServices", "5 - ExternalServices", "{ABA81641-F437-4A48-83DF-DEC9B7AFB70A}"
EndProject
Project("{9A19103F-16F7-4668-BE54-9A1E7A4F7556}") = "ExternalServices", "ExternalServices\ExternalServices.csproj", "{E00BABCC-BCA2-4904-A7D4-D148FC0485C8}"
EndProject
Global
	GlobalSection(SolutionConfigurationPlatforms) = preSolution
		Debug|Any CPU = Debug|Any CPU
		Release|Any CPU = Release|Any CPU
	EndGlobalSection
	GlobalSection(ProjectConfigurationPlatforms) = postSolution
		{D896959D-8D8F-4944-9FE6-7AC1A0B13BF5}.Debug|Any CPU.ActiveCfg = Debug|Any CPU
		{D896959D-8D8F-4944-9FE6-7AC1A0B13BF5}.Debug|Any CPU.Build.0 = Debug|Any CPU
		{D896959D-8D8F-4944-9FE6-7AC1A0B13BF5}.Release|Any CPU.ActiveCfg = Release|Any CPU
		{D896959D-8D8F-4944-9FE6-7AC1A0B13BF5}.Release|Any CPU.Build.0 = Release|Any CPU
		{1D3BE607-613F-4FDB-8DD6-C91D0A8FB475}.Debug|Any CPU.ActiveCfg = Debug|Any CPU
		{1D3BE607-613F-4FDB-8DD6-C91D0A8FB475}.Debug|Any CPU.Build.0 = Debug|Any CPU
		{1D3BE607-613F-4FDB-8DD6-C91D0A8FB475}.Release|Any CPU.ActiveCfg = Release|Any CPU
		{1D3BE607-613F-4FDB-8DD6-C91D0A8FB475}.Release|Any CPU.Build.0 = Release|Any CPU
		{302CDF7D-4CB9-4497-B158-501045109328}.Debug|Any CPU.ActiveCfg = Debug|Any CPU
		{302CDF7D-4CB9-4497-B158-501045109328}.Debug|Any CPU.Build.0 = Debug|Any CPU
		{302CDF7D-4CB9-4497-B158-501045109328}.Release|Any CPU.ActiveCfg = Release|Any CPU
		{302CDF7D-4CB9-4497-B158-501045109328}.Release|Any CPU.Build.0 = Release|Any CPU
		{8DDCEB72-6697-4237-B497-4B9997A9AD6E}.Debug|Any CPU.ActiveCfg = Debug|Any CPU
		{8DDCEB72-6697-4237-B497-4B9997A9AD6E}.Debug|Any CPU.Build.0 = Debug|Any CPU
		{8DDCEB72-6697-4237-B497-4B9997A9AD6E}.Release|Any CPU.ActiveCfg = Release|Any CPU
		{8DDCEB72-6697-4237-B497-4B9997A9AD6E}.Release|Any CPU.Build.0 = Release|Any CPU
		{61D919A2-EADA-446B-B927-A878FF332A8B}.Debug|Any CPU.ActiveCfg = Debug|Any CPU
		{61D919A2-EADA-446B-B927-A878FF332A8B}.Debug|Any CPU.Build.0 = Debug|Any CPU
		{61D919A2-EADA-446B-B927-A878FF332A8B}.Release|Any CPU.ActiveCfg = Release|Any CPU
		{61D919A2-EADA-446B-B927-A878FF332A8B}.Release|Any CPU.Build.0 = Release|Any CPU
		{0D5F8335-7B57-4632-BE91-267BD8188514}.Debug|Any CPU.ActiveCfg = Debug|Any CPU
		{0D5F8335-7B57-4632-BE91-267BD8188514}.Debug|Any CPU.Build.0 = Debug|Any CPU
		{0D5F8335-7B57-4632-BE91-267BD8188514}.Release|Any CPU.ActiveCfg = Release|Any CPU
		{0D5F8335-7B57-4632-BE91-267BD8188514}.Release|Any CPU.Build.0 = Release|Any CPU
		{564467C3-FD4F-4E09-B3C3-34EEC941D612}.Debug|Any CPU.ActiveCfg = Debug|Any CPU
		{564467C3-FD4F-4E09-B3C3-34EEC941D612}.Debug|Any CPU.Build.0 = Debug|Any CPU
		{564467C3-FD4F-4E09-B3C3-34EEC941D612}.Release|Any CPU.ActiveCfg = Release|Any CPU
		{564467C3-FD4F-4E09-B3C3-34EEC941D612}.Release|Any CPU.Build.0 = Release|Any CPU
		{E00BABCC-BCA2-4904-A7D4-D148FC0485C8}.Debug|Any CPU.ActiveCfg = Debug|Any CPU
		{E00BABCC-BCA2-4904-A7D4-D148FC0485C8}.Debug|Any CPU.Build.0 = Debug|Any CPU
		{E00BABCC-BCA2-4904-A7D4-D148FC0485C8}.Release|Any CPU.ActiveCfg = Release|Any CPU
		{E00BABCC-BCA2-4904-A7D4-D148FC0485C8}.Release|Any CPU.Build.0 = Release|Any CPU
	EndGlobalSection
	GlobalSection(SolutionProperties) = preSolution
		HideSolutionNode = FALSE
	EndGlobalSection
	GlobalSection(NestedProjects) = preSolution
		{D896959D-8D8F-4944-9FE6-7AC1A0B13BF5} = {9CA50043-6D53-4E39-9827-9E39147E79D8}
		{1D3BE607-613F-4FDB-8DD6-C91D0A8FB475} = {074E5986-6264-4232-82E6-DE81E21DD8C8}
		{302CDF7D-4CB9-4497-B158-501045109328} = {52EE9E1F-393E-4B2E-A46B-F0BFBEC306C2}
		{8DDCEB72-6697-4237-B497-4B9997A9AD6E} = {9BED6BA9-CA02-4350-BB13-8996938A08E2}
		{DD01E961-9917-4112-8BF4-E73C929ECC96} = {F56A7F97-DE8C-4EBD-955E-3E093E3E1243}
		{61D919A2-EADA-446B-B927-A878FF332A8B} = {DD01E961-9917-4112-8BF4-E73C929ECC96}
		{0D5F8335-7B57-4632-BE91-267BD8188514} = {DD01E961-9917-4112-8BF4-E73C929ECC96}
		{312087D1-4EB1-49CF-98BD-52312CC84343} = {F56A7F97-DE8C-4EBD-955E-3E093E3E1243}
		{564467C3-FD4F-4E09-B3C3-34EEC941D612} = {312087D1-4EB1-49CF-98BD-52312CC84343}
		{E00BABCC-BCA2-4904-A7D4-D148FC0485C8} = {ABA81641-F437-4A48-83DF-DEC9B7AFB70A}
	EndGlobalSection
	GlobalSection(ExtensibilityGlobals) = postSolution
		SolutionGuid = {63FF94D4-6306-4066-A08B-25CEF4275550}
	EndGlobalSection
EndGlobal
